
Microsoft Visual Studio Solution File, Format Version 12.00
# Visual Studio Version 16
VisualStudioVersion = 16.0.31702.278
MinimumVisualStudioVersion = 10.0.40219.1
Project("{FAE04EC0-301F-11D3-BF4B-00C04F79EFBC}") = "U37", "U37\U37.csproj", "{87F36079-3FA8-4C94-AA7D-3B36E3442660}"
EndProject
Project("{FAE04EC0-301F-11D3-BF4B-00C04F79EFBC}") = "U38", "U38\U38.csproj", "{9BFC15B7-8B9D-4A0E-AF40-E36B024AD079}"
EndProject
Project("{FAE04EC0-301F-11D3-BF4B-00C04F79EFBC}") = "U39", "U39\U39.csproj", "{946AC257-396A-4267-B051-01F389AABCE8}"
EndProject
Project("{FAE04EC0-301F-11D3-BF4B-00C04F79EFBC}") = "U40", "U40\U40.csproj", "{C6EC02CA-B285-4AD1-BE3A-22BA5D4518A8}"
EndProject
Project("{FAE04EC0-301F-11D3-BF4B-00C04F79EFBC}") = "U41", "U41\U41.csproj", "{26B0E31F-A7AE-449A-A614-5354012879A9}"
EndProject
Global
	GlobalSection(SolutionConfigurationPlatforms) = preSolution
		Debug|ARM = Debug|ARM
		Debug|ARM64 = Debug|ARM64
		Debug|x64 = Debug|x64
		Debug|x86 = Debug|x86
		Release|ARM = Release|ARM
		Release|ARM64 = Release|ARM64
		Release|x64 = Release|x64
		Release|x86 = Release|x86
	EndGlobalSection
	GlobalSection(ProjectConfigurationPlatforms) = postSolution
		{87F36079-3FA8-4C94-AA7D-3B36E3442660}.Debug|ARM.ActiveCfg = Debug|ARM
		{87F36079-3FA8-4C94-AA7D-3B36E3442660}.Debug|ARM.Build.0 = Debug|ARM
		{87F36079-3FA8-4C94-AA7D-3B36E3442660}.Debug|ARM.Deploy.0 = Debug|ARM
		{87F36079-3FA8-4C94-AA7D-3B36E3442660}.Debug|ARM64.ActiveCfg = Debug|ARM64
		{87F36079-3FA8-4C94-AA7D-3B36E3442660}.Debug|ARM64.Build.0 = Debug|ARM64
		{87F36079-3FA8-4C94-AA7D-3B36E3442660}.Debug|ARM64.Deploy.0 = Debug|ARM64
		{87F36079-3FA8-4C94-AA7D-3B36E3442660}.Debug|x64.ActiveCfg = Debug|x64
		{87F36079-3FA8-4C94-AA7D-3B36E3442660}.Debug|x64.Build.0 = Debug|x64
		{87F36079-3FA8-4C94-AA7D-3B36E3442660}.Debug|x64.Deploy.0 = Debug|x64
		{87F36079-3FA8-4C94-AA7D-3B36E3442660}.Debug|x86.ActiveCfg = Debug|x86
		{87F36079-3FA8-4C94-AA7D-3B36E3442660}.Debug|x86.Build.0 = Debug|x86
		{87F36079-3FA8-4C94-AA7D-3B36E3442660}.Debug|x86.Deploy.0 = Debug|x86
		{87F36079-3FA8-4C94-AA7D-3B36E3442660}.Release|ARM.ActiveCfg = Release|ARM
		{87F36079-3FA8-4C94-AA7D-3B36E3442660}.Release|ARM.Build.0 = Release|ARM
		{87F36079-3FA8-4C94-AA7D-3B36E3442660}.Release|ARM.Deploy.0 = Release|ARM
		{87F36079-3FA8-4C94-AA7D-3B36E3442660}.Release|ARM64.ActiveCfg = Release|ARM64
		{87F36079-3FA8-4C94-AA7D-3B36E3442660}.Release|ARM64.Build.0 = Release|ARM64
		{87F36079-3FA8-4C94-AA7D-3B36E3442660}.Release|ARM64.Deploy.0 = Release|ARM64
		{87F36079-3FA8-4C94-AA7D-3B36E3442660}.Release|x64.ActiveCfg = Release|x64
		{87F36079-3FA8-4C94-AA7D-3B36E3442660}.Release|x64.Build.0 = Release|x64
		{87F36079-3FA8-4C94-AA7D-3B36E3442660}.Release|x64.Deploy.0 = Release|x64
		{87F36079-3FA8-4C94-AA7D-3B36E3442660}.Release|x86.ActiveCfg = Release|x86
		{87F36079-3FA8-4C94-AA7D-3B36E3442660}.Release|x86.Build.0 = Release|x86
		{87F36079-3FA8-4C94-AA7D-3B36E3442660}.Release|x86.Deploy.0 = Release|x86
		{9BFC15B7-8B9D-4A0E-AF40-E36B024AD079}.Debug|ARM.ActiveCfg = Debug|ARM
		{9BFC15B7-8B9D-4A0E-AF40-E36B024AD079}.Debug|ARM.Build.0 = Debug|ARM
		{9BFC15B7-8B9D-4A0E-AF40-E36B024AD079}.Debug|ARM.Deploy.0 = Debug|ARM
		{9BFC15B7-8B9D-4A0E-AF40-E36B024AD079}.Debug|ARM64.ActiveCfg = Debug|ARM64
		{9BFC15B7-8B9D-4A0E-AF40-E36B024AD079}.Debug|ARM64.Build.0 = Debug|ARM64
		{9BFC15B7-8B9D-4A0E-AF40-E36B024AD079}.Debug|ARM64.Deploy.0 = Debug|ARM64
		{9BFC15B7-8B9D-4A0E-AF40-E36B024AD079}.Debug|x64.ActiveCfg = Debug|x64
		{9BFC15B7-8B9D-4A0E-AF40-E36B024AD079}.Debug|x64.Build.0 = Debug|x64
		{9BFC15B7-8B9D-4A0E-AF40-E36B024AD079}.Debug|x64.Deploy.0 = Debug|x64
		{9BFC15B7-8B9D-4A0E-AF40-E36B024AD079}.Debug|x86.ActiveCfg = Debug|x86
		{9BFC15B7-8B9D-4A0E-AF40-E36B024AD079}.Debug|x86.Build.0 = Debug|x86
		{9BFC15B7-8B9D-4A0E-AF40-E36B024AD079}.Debug|x86.Deploy.0 = Debug|x86
		{9BFC15B7-8B9D-4A0E-AF40-E36B024AD079}.Release|ARM.ActiveCfg = Release|ARM
		{9BFC15B7-8B9D-4A0E-AF40-E36B024AD079}.Release|ARM.Build.0 = Release|ARM
		{9BFC15B7-8B9D-4A0E-AF40-E36B024AD079}.Release|ARM.Deploy.0 = Release|ARM
		{9BFC15B7-8B9D-4A0E-AF40-E36B024AD079}.Release|ARM64.ActiveCfg = Release|ARM64
		{9BFC15B7-8B9D-4A0E-AF40-E36B024AD079}.Release|ARM64.Build.0 = Release|ARM64
		{9BFC15B7-8B9D-4A0E-AF40-E36B024AD079}.Release|ARM64.Deploy.0 = Release|ARM64
		{9BFC15B7-8B9D-4A0E-AF40-E36B024AD079}.Release|x64.ActiveCfg = Release|x64
		{9BFC15B7-8B9D-4A0E-AF40-E36B024AD079}.Release|x64.Build.0 = Release|x64
		{9BFC15B7-8B9D-4A0E-AF40-E36B024AD079}.Release|x64.Deploy.0 = Release|x64
		{9BFC15B7-8B9D-4A0E-AF40-E36B024AD079}.Release|x86.ActiveCfg = Release|x86
		{9BFC15B7-8B9D-4A0E-AF40-E36B024AD079}.Release|x86.Build.0 = Release|x86
		{9BFC15B7-8B9D-4A0E-AF40-E36B024AD079}.Release|x86.Deploy.0 = Release|x86
		{946AC257-396A-4267-B051-01F389AABCE8}.Debug|ARM.ActiveCfg = Debug|ARM
		{946AC257-396A-4267-B051-01F389AABCE8}.Debug|ARM.Build.0 = Debug|ARM
		{946AC257-396A-4267-B051-01F389AABCE8}.Debug|ARM.Deploy.0 = Debug|ARM
		{946AC257-396A-4267-B051-01F389AABCE8}.Debug|ARM64.ActiveCfg = Debug|ARM64
		{946AC257-396A-4267-B051-01F389AABCE8}.Debug|ARM64.Build.0 = Debug|ARM64
		{946AC257-396A-4267-B051-01F389AABCE8}.Debug|ARM64.Deploy.0 = Debug|ARM64
		{946AC257-396A-4267-B051-01F389AABCE8}.Debug|x64.ActiveCfg = Debug|x64
		{946AC257-396A-4267-B051-01F389AABCE8}.Debug|x64.Build.0 = Debug|x64
		{946AC257-396A-4267-B051-01F389AABCE8}.Debug|x64.Deploy.0 = Debug|x64
		{946AC257-396A-4267-B051-01F389AABCE8}.Debug|x86.ActiveCfg = Debug|x86
		{946AC257-396A-4267-B051-01F389AABCE8}.Debug|x86.Build.0 = Debug|x86
		{946AC257-396A-4267-B051-01F389AABCE8}.Debug|x86.Deploy.0 = Debug|x86
		{946AC257-396A-4267-B051-01F389AABCE8}.Release|ARM.ActiveCfg = Release|ARM
		{946AC257-396A-4267-B051-01F389AABCE8}.Release|ARM.Build.0 = Release|ARM
		{946AC257-396A-4267-B051-01F389AABCE8}.Release|ARM.Deploy.0 = Release|ARM
		{946AC257-396A-4267-B051-01F389AABCE8}.Release|ARM64.ActiveCfg = Release|ARM64
		{946AC257-396A-4267-B051-01F389AABCE8}.Release|ARM64.Build.0 = Release|ARM64
		{946AC257-396A-4267-B051-01F389AABCE8}.Release|ARM64.Deploy.0 = Release|ARM64
		{946AC257-396A-4267-B051-01F389AABCE8}.Release|x64.ActiveCfg = Release|x64
		{946AC257-396A-4267-B051-01F389AABCE8}.Release|x64.Build.0 = Release|x64
		{946AC257-396A-4267-B051-01F389AABCE8}.Release|x64.Deploy.0 = Release|x64
		{946AC257-396A-4267-B051-01F389AABCE8}.Release|x86.ActiveCfg = Release|x86
		{946AC257-396A-4267-B051-01F389AABCE8}.Release|x86.Build.0 = Release|x86
		{946AC257-396A-4267-B051-01F389AABCE8}.Release|x86.Deploy.0 = Release|x86
		{C6EC02CA-B285-4AD1-BE3A-22BA5D4518A8}.Debug|ARM.ActiveCfg = Debug|ARM
		{C6EC02CA-B285-4AD1-BE3A-22BA5D4518A8}.Debug|ARM.Build.0 = Debug|ARM
		{C6EC02CA-B285-4AD1-BE3A-22BA5D4518A8}.Debug|ARM.Deploy.0 = Debug|ARM
		{C6EC02CA-B285-4AD1-BE3A-22BA5D4518A8}.Debug|ARM64.ActiveCfg = Debug|ARM64
		{C6EC02CA-B285-4AD1-BE3A-22BA5D4518A8}.Debug|ARM64.Build.0 = Debug|ARM64
		{C6EC02CA-B285-4AD1-BE3A-22BA5D4518A8}.Debug|ARM64.Deploy.0 = Debug|ARM64
		{C6EC02CA-B285-4AD1-BE3A-22BA5D4518A8}.Debug|x64.ActiveCfg = Debug|x64
		{C6EC02CA-B285-4AD1-BE3A-22BA5D4518A8}.Debug|x64.Build.0 = Debug|x64
		{C6EC02CA-B285-4AD1-BE3A-22BA5D4518A8}.Debug|x64.Deploy.0 = Debug|x64
		{C6EC02CA-B285-4AD1-BE3A-22BA5D4518A8}.Debug|x86.ActiveCfg = Debug|x86
		{C6EC02CA-B285-4AD1-BE3A-22BA5D4518A8}.Debug|x86.Build.0 = Debug|x86
		{C6EC02CA-B285-4AD1-BE3A-22BA5D4518A8}.Debug|x86.Deploy.0 = Debug|x86
		{C6EC02CA-B285-4AD1-BE3A-22BA5D4518A8}.Release|ARM.ActiveCfg = Release|ARM
		{C6EC02CA-B285-4AD1-BE3A-22BA5D4518A8}.Release|ARM.Build.0 = Release|ARM
		{C6EC02CA-B285-4AD1-BE3A-22BA5D4518A8}.Release|ARM.Deploy.0 = Release|ARM
		{C6EC02CA-B285-4AD1-BE3A-22BA5D4518A8}.Release|ARM64.ActiveCfg = Release|ARM64
		{C6EC02CA-B285-4AD1-BE3A-22BA5D4518A8}.Release|ARM64.Build.0 = Release|ARM64
		{C6EC02CA-B285-4AD1-BE3A-22BA5D4518A8}.Release|ARM64.Deploy.0 = Release|ARM64
		{C6EC02CA-B285-4AD1-BE3A-22BA5D4518A8}.Release|x64.ActiveCfg = Release|x64
		{C6EC02CA-B285-4AD1-BE3A-22BA5D4518A8}.Release|x64.Build.0 = Release|x64
		{C6EC02CA-B285-4AD1-BE3A-22BA5D4518A8}.Release|x64.Deploy.0 = Release|x64
		{C6EC02CA-B285-4AD1-BE3A-22BA5D4518A8}.Release|x86.ActiveCfg = Release|x86
		{C6EC02CA-B285-4AD1-BE3A-22BA5D4518A8}.Release|x86.Build.0 = Release|x86
		{C6EC02CA-B285-4AD1-BE3A-22BA5D4518A8}.Release|x86.Deploy.0 = Release|x86
		{26B0E31F-A7AE-449A-A614-5354012879A9}.Debug|ARM.ActiveCfg = Debug|ARM
		{26B0E31F-A7AE-449A-A614-5354012879A9}.Debug|ARM.Build.0 = Debug|ARM
		{26B0E31F-A7AE-449A-A614-5354012879A9}.Debug|ARM.Deploy.0 = Debug|ARM
		{26B0E31F-A7AE-449A-A614-5354012879A9}.Debug|ARM64.ActiveCfg = Debug|ARM64
		{26B0E31F-A7AE-449A-A614-5354012879A9}.Debug|ARM64.Build.0 = Debug|ARM64
		{26B0E31F-A7AE-449A-A614-5354012879A9}.Debug|ARM64.Deploy.0 = Debug|ARM64
		{26B0E31F-A7AE-449A-A614-5354012879A9}.Debug|x64.ActiveCfg = Debug|x64
		{26B0E31F-A7AE-449A-A614-5354012879A9}.Debug|x64.Build.0 = Debug|x64
		{26B0E31F-A7AE-449A-A614-5354012879A9}.Debug|x64.Deploy.0 = Debug|x64
		{26B0E31F-A7AE-449A-A614-5354012879A9}.Debug|x86.ActiveCfg = Debug|x86
		{26B0E31F-A7AE-449A-A614-5354012879A9}.Debug|x86.Build.0 = Debug|x86
		{26B0E31F-A7AE-449A-A614-5354012879A9}.Debug|x86.Deploy.0 = Debug|x86
		{26B0E31F-A7AE-449A-A614-5354012879A9}.Release|ARM.ActiveCfg = Release|ARM
		{26B0E31F-A7AE-449A-A614-5354012879A9}.Release|ARM.Build.0 = Release|ARM
		{26B0E31F-A7AE-449A-A614-5354012879A9}.Release|ARM.Deploy.0 = Release|ARM
		{26B0E31F-A7AE-449A-A614-5354012879A9}.Release|ARM64.ActiveCfg = Release|ARM64
		{26B0E31F-A7AE-449A-A614-5354012879A9}.Release|ARM64.Build.0 = Release|ARM64
		{26B0E31F-A7AE-449A-A614-5354012879A9}.Release|ARM64.Deploy.0 = Release|ARM64
		{26B0E31F-A7AE-449A-A614-5354012879A9}.Release|x64.ActiveCfg = Release|x64
		{26B0E31F-A7AE-449A-A614-5354012879A9}.Release|x64.Build.0 = Release|x64
		{26B0E31F-A7AE-449A-A614-5354012879A9}.Release|x64.Deploy.0 = Release|x64
		{26B0E31F-A7AE-449A-A614-5354012879A9}.Release|x86.ActiveCfg = Release|x86
		{26B0E31F-A7AE-449A-A614-5354012879A9}.Release|x86.Build.0 = Release|x86
		{26B0E31F-A7AE-449A-A614-5354012879A9}.Release|x86.Deploy.0 = Release|x86
	EndGlobalSection
	GlobalSection(SolutionProperties) = preSolution
		HideSolutionNode = FALSE
	EndGlobalSection
	GlobalSection(ExtensibilityGlobals) = postSolution
		SolutionGuid = {0F78351F-7764-4CD4-A1CB-2B551837D71E}
	EndGlobalSection
EndGlobal
